
Microsoft Visual Studio Solution File, Format Version 12.00
# Visual Studio Version 17
VisualStudioVersion = 17.7.34031.279
MinimumVisualStudioVersion = 10.0.40219.1
Project("{9A19103F-16F7-4668-BE54-9A1E7A4F7556}") = "WebGradu", "WebGradu\WebGradu.csproj", "{C0EBC735-2117-42F8-B657-4D8926C3684C}"
EndProject
Global
	GlobalSection(SolutionConfigurationPlatforms) = preSolution
		Debug|Any CPU = Debug|Any CPU
		Release|Any CPU = Release|Any CPU
	EndGlobalSection
	GlobalSection(ProjectConfigurationPlatforms) = postSolution
		{C0EBC735-2117-42F8-B657-4D8926C3684C}.Debug|Any CPU.ActiveCfg = Debug|Any CPU
		{C0EBC735-2117-42F8-B657-4D8926C3684C}.Debug|Any CPU.Build.0 = Debug|Any CPU
		{C0EBC735-2117-42F8-B657-4D8926C3684C}.Release|Any CPU.ActiveCfg = Release|Any CPU
		{C0EBC735-2117-42F8-B657-4D8926C3684C}.Release|Any CPU.Build.0 = Release|Any CPU
	EndGlobalSection
	GlobalSection(SolutionProperties) = preSolution
		HideSolutionNode = FALSE
	EndGlobalSection
	GlobalSection(ExtensibilityGlobals) = postSolution
		SolutionGuid = {C914E573-2619-4BB5-BE09-E4222913DB02}
	EndGlobalSection
EndGlobal
